
Microsoft Visual Studio Solution File, Format Version 12.00
# Visual Studio Version 17
VisualStudioVersion = 17.12.35527.113
MinimumVisualStudioVersion = 10.0.40219.1
Project("{FAE04EC0-301F-11D3-BF4B-00C04F79EFBC}") = "AccountService", "AccountService\AccountService.csproj", "{58ED39A0-4A7C-4768-8131-91451A134105}"
EndProject
Project("{2150E333-8FDC-42A3-9474-1A3956D46DE8}") = "Account", "Account", "{F9C045AE-AB2F-4ED2-82D9-2DEB30A51F90}"
EndProject
Project("{FAE04EC0-301F-11D3-BF4B-00C04F79EFBC}") = "SharedProject", "SharedProject\SharedProject.csproj", "{C931BBBF-2A70-43EC-BFE3-AB530E241119}"
EndProject
Project("{2150E333-8FDC-42A3-9474-1A3956D46DE8}") = "Shared", "Shared", "{D9452307-B292-4B98-93BA-C7FC37B0A996}"
EndProject
Project("{2150E333-8FDC-42A3-9474-1A3956D46DE8}") = "Notification", "Notification", "{B077FB91-FC12-4910-A7CE-24C1259352A6}"
EndProject
Project("{FAE04EC0-301F-11D3-BF4B-00C04F79EFBC}") = "NotificationService2", "NotificationService2\NotificationService2.csproj", "{39DCE371-FD65-4577-A69D-73D5397F1074}"
EndProject
Project("{2150E333-8FDC-42A3-9474-1A3956D46DE8}") = "Document", "Document", "{B6392410-27F8-433A-926F-E7E1565102C9}"
EndProject
Project("{FAE04EC0-301F-11D3-BF4B-00C04F79EFBC}") = "DocumentService", "DocumentService\DocumentService.csproj", "{7DD2BCF2-3C58-4BA5-98F9-F457FCFA9F1A}"
EndProject
Project("{FAE04EC0-301F-11D3-BF4B-00C04F79EFBC}") = "NotificationService1", "NotificationService1\NotificationService1.csproj", "{BD1A95D0-1309-47DB-B727-A5BA9D08D927}"
EndProject
Global
	GlobalSection(SolutionConfigurationPlatforms) = preSolution
		Debug|Any CPU = Debug|Any CPU
		Release|Any CPU = Release|Any CPU
	EndGlobalSection
	GlobalSection(ProjectConfigurationPlatforms) = postSolution
		{58ED39A0-4A7C-4768-8131-91451A134105}.Debug|Any CPU.ActiveCfg = Debug|Any CPU
		{58ED39A0-4A7C-4768-8131-91451A134105}.Debug|Any CPU.Build.0 = Debug|Any CPU
		{58ED39A0-4A7C-4768-8131-91451A134105}.Release|Any CPU.ActiveCfg = Release|Any CPU
		{58ED39A0-4A7C-4768-8131-91451A134105}.Release|Any CPU.Build.0 = Release|Any CPU
		{C931BBBF-2A70-43EC-BFE3-AB530E241119}.Debug|Any CPU.ActiveCfg = Debug|Any CPU
		{C931BBBF-2A70-43EC-BFE3-AB530E241119}.Debug|Any CPU.Build.0 = Debug|Any CPU
		{C931BBBF-2A70-43EC-BFE3-AB530E241119}.Release|Any CPU.ActiveCfg = Release|Any CPU
		{C931BBBF-2A70-43EC-BFE3-AB530E241119}.Release|Any CPU.Build.0 = Release|Any CPU
		{39DCE371-FD65-4577-A69D-73D5397F1074}.Debug|Any CPU.ActiveCfg = Debug|Any CPU
		{39DCE371-FD65-4577-A69D-73D5397F1074}.Debug|Any CPU.Build.0 = Debug|Any CPU
		{39DCE371-FD65-4577-A69D-73D5397F1074}.Release|Any CPU.ActiveCfg = Release|Any CPU
		{39DCE371-FD65-4577-A69D-73D5397F1074}.Release|Any CPU.Build.0 = Release|Any CPU
		{7DD2BCF2-3C58-4BA5-98F9-F457FCFA9F1A}.Debug|Any CPU.ActiveCfg = Debug|Any CPU
		{7DD2BCF2-3C58-4BA5-98F9-F457FCFA9F1A}.Debug|Any CPU.Build.0 = Debug|Any CPU
		{7DD2BCF2-3C58-4BA5-98F9-F457FCFA9F1A}.Release|Any CPU.ActiveCfg = Release|Any CPU
		{7DD2BCF2-3C58-4BA5-98F9-F457FCFA9F1A}.Release|Any CPU.Build.0 = Release|Any CPU
		{BD1A95D0-1309-47DB-B727-A5BA9D08D927}.Debug|Any CPU.ActiveCfg = Debug|Any CPU
		{BD1A95D0-1309-47DB-B727-A5BA9D08D927}.Debug|Any CPU.Build.0 = Debug|Any CPU
		{BD1A95D0-1309-47DB-B727-A5BA9D08D927}.Release|Any CPU.ActiveCfg = Release|Any CPU
		{BD1A95D0-1309-47DB-B727-A5BA9D08D927}.Release|Any CPU.Build.0 = Release|Any CPU
	EndGlobalSection
	GlobalSection(SolutionProperties) = preSolution
		HideSolutionNode = FALSE
	EndGlobalSection
	GlobalSection(NestedProjects) = preSolution
		{58ED39A0-4A7C-4768-8131-91451A134105} = {F9C045AE-AB2F-4ED2-82D9-2DEB30A51F90}
		{C931BBBF-2A70-43EC-BFE3-AB530E241119} = {D9452307-B292-4B98-93BA-C7FC37B0A996}
		{39DCE371-FD65-4577-A69D-73D5397F1074} = {B077FB91-FC12-4910-A7CE-24C1259352A6}
		{7DD2BCF2-3C58-4BA5-98F9-F457FCFA9F1A} = {B6392410-27F8-433A-926F-E7E1565102C9}
		{BD1A95D0-1309-47DB-B727-A5BA9D08D927} = {B077FB91-FC12-4910-A7CE-24C1259352A6}
	EndGlobalSection
EndGlobal
